// !$*UTF8*$!
{
	archiveVersion = 1;
	classes = {
	};
	objectVersion = 46;
	objects = {

/* Begin PBXBuildFile section */
		C41514771E9E8B6400282CDA /* Dice_1-6.svg.png in Resources */ = {isa = PBXBuildFile; fileRef = C415146A1E9E8B6400282CDA /* Dice_1-6.svg.png */; };
		C41514781E9E8B6400282CDA /* PurpleLadder.png in Resources */ = {isa = PBXBuildFile; fileRef = C415146B1E9E8B6400282CDA /* PurpleLadder.png */; };
		C41514791E9E8B6400282CDA /* RedLadder.png in Resources */ = {isa = PBXBuildFile; fileRef = C415146C1E9E8B6400282CDA /* RedLadder.png */; };
		C415147A1E9E8B6400282CDA /* Snake.png in Resources */ = {isa = PBXBuildFile; fileRef = C415146D1E9E8B6400282CDA /* Snake.png */; };
		C415147B1E9E8B6400282CDA /* WoodLadder.png in Resources */ = {isa = PBXBuildFile; fileRef = C415146E1E9E8B6400282CDA /* WoodLadder.png */; };
		C415147C1E9E8B6400282CDA /* playerblue.png in Resources */ = {isa = PBXBuildFile; fileRef = C415146F1E9E8B6400282CDA /* playerblue.png */; };
		C415147E1E9E8B6400282CDA /* jungle1.jpg in Resources */ = {isa = PBXBuildFile; fileRef = C41514711E9E8B6400282CDA /* jungle1.jpg */; };
		C415147F1E9E8B6400282CDA /* lilac.png in Resources */ = {isa = PBXBuildFile; fileRef = C41514721E9E8B6400282CDA /* lilac.png */; };
		C41514811E9E8B6400282CDA /* playerred.png in Resources */ = {isa = PBXBuildFile; fileRef = C41514741E9E8B6400282CDA /* playerred.png */; };
		C41514871E9E9DBD00282CDA /* snakes_and_ladders_boardv1.png in Resources */ = {isa = PBXBuildFile; fileRef = C41514861E9E9DBD00282CDA /* snakes_and_ladders_boardv1.png */; };
		C41514891E9E9DE000282CDA /* board.png in Resources */ = {isa = PBXBuildFile; fileRef = C41514881E9E9DE000282CDA /* board.png */; };
		C418700F1E9C3FA200890843 /* AppDelegate.swift in Sources */ = {isa = PBXBuildFile; fileRef = C418700E1E9C3FA200890843 /* AppDelegate.swift */; };
		C41870111E9C3FA200890843 /* GameScene.sks in Resources */ = {isa = PBXBuildFile; fileRef = C41870101E9C3FA200890843 /* GameScene.sks */; };
		C41870131E9C3FA200890843 /* GameScene.swift in Sources */ = {isa = PBXBuildFile; fileRef = C41870121E9C3FA200890843 /* GameScene.swift */; };
		C41870151E9C3FA200890843 /* GameViewController.swift in Sources */ = {isa = PBXBuildFile; fileRef = C41870141E9C3FA200890843 /* GameViewController.swift */; };
		C41870181E9C3FA200890843 /* Main.storyboard in Resources */ = {isa = PBXBuildFile; fileRef = C41870161E9C3FA200890843 /* Main.storyboard */; };
		C418701A1E9C3FA200890843 /* Assets.xcassets in Resources */ = {isa = PBXBuildFile; fileRef = C41870191E9C3FA200890843 /* Assets.xcassets */; };
		C418701D1E9C3FA200890843 /* LaunchScreen.storyboard in Resources */ = {isa = PBXBuildFile; fileRef = C418701B1E9C3FA200890843 /* LaunchScreen.storyboard */; };
		C41870281E9C3FA300890843 /* SnakesAndLaddersEvoTests.swift in Sources */ = {isa = PBXBuildFile; fileRef = C41870271E9C3FA300890843 /* SnakesAndLaddersEvoTests.swift */; };
		C41870331E9C3FA300890843 /* SnakesAndLaddersEvoUITests.swift in Sources */ = {isa = PBXBuildFile; fileRef = C41870321E9C3FA300890843 /* SnakesAndLaddersEvoUITests.swift */; };
		C41DCC731E9EF6EB005CB0B7 /* ladder.mp3 in Resources */ = {isa = PBXBuildFile; fileRef = C41DCC6F1E9EF6EB005CB0B7 /* ladder.mp3 */; };
		C41DCC741E9EF6EB005CB0B7 /* dice.mp3 in Resources */ = {isa = PBXBuildFile; fileRef = C41DCC701E9EF6EB005CB0B7 /* dice.mp3 */; };
		C41DCC761E9EF6EB005CB0B7 /* forest.mp3 in Resources */ = {isa = PBXBuildFile; fileRef = C41DCC721E9EF6EB005CB0B7 /* forest.mp3 */; };
		C41DCC781E9EFAAE005CB0B7 /* snake.mp3 in Resources */ = {isa = PBXBuildFile; fileRef = C41DCC771E9EFAAE005CB0B7 /* snake.mp3 */; };
/* End PBXBuildFile section */

/* Begin PBXContainerItemProxy section */
		C41870241E9C3FA300890843 /* PBXContainerItemProxy */ = {
			isa = PBXContainerItemProxy;
			containerPortal = C41870031E9C3FA200890843 /* Project object */;
			proxyType = 1;
			remoteGlobalIDString = C418700A1E9C3FA200890843;
			remoteInfo = SnakesAndLaddersEvo;
		};
		C418702F1E9C3FA300890843 /* PBXContainerItemProxy */ = {
			isa = PBXContainerItemProxy;
			containerPortal = C41870031E9C3FA200890843 /* Project object */;
			proxyType = 1;
			remoteGlobalIDString = C418700A1E9C3FA200890843;
			remoteInfo = SnakesAndLaddersEvo;
		};
/* End PBXContainerItemProxy section */

/* Begin PBXFileReference section */
		C415146A1E9E8B6400282CDA /* Dice_1-6.svg.png */ = {isa = PBXFileReference; lastKnownFileType = image.png; path = "Dice_1-6.svg.png"; sourceTree = "<group>"; };
		C415146B1E9E8B6400282CDA /* PurpleLadder.png */ = {isa = PBXFileReference; lastKnownFileType = image.png; path = PurpleLadder.png; sourceTree = "<group>"; };
		C415146C1E9E8B6400282CDA /* RedLadder.png */ = {isa = PBXFileReference; lastKnownFileType = image.png; path = RedLadder.png; sourceTree = "<group>"; };
		C415146D1E9E8B6400282CDA /* Snake.png */ = {isa = PBXFileReference; lastKnownFileType = image.png; path = Snake.png; sourceTree = "<group>"; };
		C415146E1E9E8B6400282CDA /* WoodLadder.png */ = {isa = PBXFileReference; lastKnownFileType = image.png; path = WoodLadder.png; sourceTree = "<group>"; };
		C415146F1E9E8B6400282CDA /* playerblue.png */ = {isa = PBXFileReference; lastKnownFileType = image.png; path = playerblue.png; sourceTree = "<group>"; };
		C41514711E9E8B6400282CDA /* jungle1.jpg */ = {isa = PBXFileReference; lastKnownFileType = image.jpeg; path = jungle1.jpg; sourceTree = "<group>"; };
		C41514721E9E8B6400282CDA /* lilac.png */ = {isa = PBXFileReference; lastKnownFileType = image.png; path = lilac.png; sourceTree = "<group>"; };
		C41514741E9E8B6400282CDA /* playerred.png */ = {isa = PBXFileReference; lastKnownFileType = image.png; path = playerred.png; sourceTree = "<group>"; };
		C41514861E9E9DBD00282CDA /* snakes_and_ladders_boardv1.png */ = {isa = PBXFileReference; lastKnownFileType = image.png; path = snakes_and_ladders_boardv1.png; sourceTree = "<group>"; };
		C41514881E9E9DE000282CDA /* board.png */ = {isa = PBXFileReference; lastKnownFileType = image.png; path = board.png; sourceTree = "<group>"; };
		C418700B1E9C3FA200890843 /* SnakesAndLaddersEvo.app */ = {isa = PBXFileReference; explicitFileType = wrapper.application; includeInIndex = 0; path = SnakesAndLaddersEvo.app; sourceTree = BUILT_PRODUCTS_DIR; };
		C418700E1E9C3FA200890843 /* AppDelegate.swift */ = {isa = PBXFileReference; lastKnownFileType = sourcecode.swift; path = AppDelegate.swift; sourceTree = "<group>"; };
		C41870101E9C3FA200890843 /* GameScene.sks */ = {isa = PBXFileReference; lastKnownFileType = file.sks; path = GameScene.sks; sourceTree = "<group>"; };
		C41870121E9C3FA200890843 /* GameScene.swift */ = {isa = PBXFileReference; lastKnownFileType = sourcecode.swift; path = GameScene.swift; sourceTree = "<group>"; };
		C41870141E9C3FA200890843 /* GameViewController.swift */ = {isa = PBXFileReference; lastKnownFileType = sourcecode.swift; path = GameViewController.swift; sourceTree = "<group>"; };
		C41870171E9C3FA200890843 /* Base */ = {isa = PBXFileReference; lastKnownFileType = file.storyboard; name = Base; path = Base.lproj/Main.storyboard; sourceTree = "<group>"; };
		C41870191E9C3FA200890843 /* Assets.xcassets */ = {isa = PBXFileReference; lastKnownFileType = folder.assetcatalog; path = Assets.xcassets; sourceTree = "<group>"; };
		C418701C1E9C3FA200890843 /* Base */ = {isa = PBXFileReference; lastKnownFileType = file.storyboard; name = Base; path = Base.lproj/LaunchScreen.storyboard; sourceTree = "<group>"; };
		C418701E1E9C3FA200890843 /* Info.plist */ = {isa = PBXFileReference; lastKnownFileType = text.plist.xml; path = Info.plist; sourceTree = "<group>"; };
		C41870231E9C3FA300890843 /* SnakesAndLaddersEvoTests.xctest */ = {isa = PBXFileReference; explicitFileType = wrapper.cfbundle; includeInIndex = 0; path = SnakesAndLaddersEvoTests.xctest; sourceTree = BUILT_PRODUCTS_DIR; };
		C41870271E9C3FA300890843 /* SnakesAndLaddersEvoTests.swift */ = {isa = PBXFileReference; lastKnownFileType = sourcecode.swift; path = SnakesAndLaddersEvoTests.swift; sourceTree = "<group>"; };
		C41870291E9C3FA300890843 /* Info.plist */ = {isa = PBXFileReference; lastKnownFileType = text.plist.xml; path = Info.plist; sourceTree = "<group>"; };
		C418702E1E9C3FA300890843 /* SnakesAndLaddersEvoUITests.xctest */ = {isa = PBXFileReference; explicitFileType = wrapper.cfbundle; includeInIndex = 0; path = SnakesAndLaddersEvoUITests.xctest; sourceTree = BUILT_PRODUCTS_DIR; };
		C41870321E9C3FA300890843 /* SnakesAndLaddersEvoUITests.swift */ = {isa = PBXFileReference; lastKnownFileType = sourcecode.swift; path = SnakesAndLaddersEvoUITests.swift; sourceTree = "<group>"; };
		C41870341E9C3FA300890843 /* Info.plist */ = {isa = PBXFileReference; lastKnownFileType = text.plist.xml; path = Info.plist; sourceTree = "<group>"; };
		C41DCC6F1E9EF6EB005CB0B7 /* ladder.mp3 */ = {isa = PBXFileReference; lastKnownFileType = audio.mp3; path = ladder.mp3; sourceTree = "<group>"; };
		C41DCC701E9EF6EB005CB0B7 /* dice.mp3 */ = {isa = PBXFileReference; lastKnownFileType = audio.mp3; path = dice.mp3; sourceTree = "<group>"; };
		C41DCC721E9EF6EB005CB0B7 /* forest.mp3 */ = {isa = PBXFileReference; lastKnownFileType = audio.mp3; path = forest.mp3; sourceTree = "<group>"; };
		C41DCC771E9EFAAE005CB0B7 /* snake.mp3 */ = {isa = PBXFileReference; lastKnownFileType = audio.mp3; name = snake.mp3; path = "../../sound assets/snake.mp3"; sourceTree = "<group>"; };
/* End PBXFileReference section */

/* Begin PBXFrameworksBuildPhase section */
		C41870081E9C3FA200890843 /* Frameworks */ = {
			isa = PBXFrameworksBuildPhase;
			buildActionMask = 2147483647;
			files = (
			);
			runOnlyForDeploymentPostprocessing = 0;
		};
		C41870201E9C3FA300890843 /* Frameworks */ = {
			isa = PBXFrameworksBuildPhase;
			buildActionMask = 2147483647;
			files = (
			);
			runOnlyForDeploymentPostprocessing = 0;
		};
		C418702B1E9C3FA300890843 /* Frameworks */ = {
			isa = PBXFrameworksBuildPhase;
			buildActionMask = 2147483647;
			files = (
			);
			runOnlyForDeploymentPostprocessing = 0;
		};
/* End PBXFrameworksBuildPhase section */

/* Begin PBXGroup section */
		C41514691E9E8B6400282CDA /* image asset1 */ = {
			isa = PBXGroup;
			children = (
				C415146A1E9E8B6400282CDA /* Dice_1-6.svg.png */,
				C415146B1E9E8B6400282CDA /* PurpleLadder.png */,
				C415146C1E9E8B6400282CDA /* RedLadder.png */,
				C415146D1E9E8B6400282CDA /* Snake.png */,
				C415146E1E9E8B6400282CDA /* WoodLadder.png */,
				C41514881E9E9DE000282CDA /* board.png */,
				C415146F1E9E8B6400282CDA /* playerblue.png */,
				C41514711E9E8B6400282CDA /* jungle1.jpg */,
				C41514721E9E8B6400282CDA /* lilac.png */,
				C41514741E9E8B6400282CDA /* playerred.png */,
			);
			path = "image asset1";
			sourceTree = "<group>";
		};
		C41870021E9C3FA200890843 = {
			isa = PBXGroup;
			children = (
				C41DCC6E1E9EF6EB005CB0B7 /* sound assets */,
				C41514691E9E8B6400282CDA /* image asset1 */,
				C418700D1E9C3FA200890843 /* SnakesAndLaddersEvo */,
				C41870261E9C3FA300890843 /* SnakesAndLaddersEvoTests */,
				C41870311E9C3FA300890843 /* SnakesAndLaddersEvoUITests */,
				C418700C1E9C3FA200890843 /* Products */,
			);
			sourceTree = "<group>";
		};
		C418700C1E9C3FA200890843 /* Products */ = {
			isa = PBXGroup;
			children = (
				C418700B1E9C3FA200890843 /* SnakesAndLaddersEvo.app */,
				C41870231E9C3FA300890843 /* SnakesAndLaddersEvoTests.xctest */,
				C418702E1E9C3FA300890843 /* SnakesAndLaddersEvoUITests.xctest */,
			);
			name = Products;
			sourceTree = "<group>";
		};
		C418700D1E9C3FA200890843 /* SnakesAndLaddersEvo */ = {
			isa = PBXGroup;
			children = (
				C418700E1E9C3FA200890843 /* AppDelegate.swift */,
				C41870141E9C3FA200890843 /* GameViewController.swift */,
				C41870101E9C3FA200890843 /* GameScene.sks */,
				C41870121E9C3FA200890843 /* GameScene.swift */,
				C41514861E9E9DBD00282CDA /* snakes_and_ladders_boardv1.png */,
				C41870161E9C3FA200890843 /* Main.storyboard */,
				C41870191E9C3FA200890843 /* Assets.xcassets */,
				C418701B1E9C3FA200890843 /* LaunchScreen.storyboard */,
				C418701E1E9C3FA200890843 /* Info.plist */,
			);
			path = SnakesAndLaddersEvo;
			sourceTree = "<group>";
		};
		C41870261E9C3FA300890843 /* SnakesAndLaddersEvoTests */ = {
			isa = PBXGroup;
			children = (
				C41870271E9C3FA300890843 /* SnakesAndLaddersEvoTests.swift */,
				C41870291E9C3FA300890843 /* Info.plist */,
			);
			path = SnakesAndLaddersEvoTests;
			sourceTree = "<group>";
		};
		C41870311E9C3FA300890843 /* SnakesAndLaddersEvoUITests */ = {
			isa = PBXGroup;
			children = (
				C41870321E9C3FA300890843 /* SnakesAndLaddersEvoUITests.swift */,
				C41870341E9C3FA300890843 /* Info.plist */,
			);
			path = SnakesAndLaddersEvoUITests;
			sourceTree = "<group>";
		};
		C41DCC6E1E9EF6EB005CB0B7 /* sound assets */ = {
			isa = PBXGroup;
			children = (
				C41DCC771E9EFAAE005CB0B7 /* snake.mp3 */,
				C41DCC6F1E9EF6EB005CB0B7 /* ladder.mp3 */,
				C41DCC701E9EF6EB005CB0B7 /* dice.mp3 */,
				C41DCC721E9EF6EB005CB0B7 /* forest.mp3 */,
			);
			name = "sound assets";
			path = "SnakesAndLaddersEvo/sound assets";
			sourceTree = "<group>";
		};
/* End PBXGroup section */

/* Begin PBXNativeTarget section */
		C418700A1E9C3FA200890843 /* SnakesAndLaddersEvo */ = {
			isa = PBXNativeTarget;
			buildConfigurationList = C41870371E9C3FA300890843 /* Build configuration list for PBXNativeTarget "SnakesAndLaddersEvo" */;
			buildPhases = (
				C41870071E9C3FA200890843 /* Sources */,
				C41870081E9C3FA200890843 /* Frameworks */,
				C41870091E9C3FA200890843 /* Resources */,
			);
			buildRules = (
			);
			dependencies = (
			);
			name = SnakesAndLaddersEvo;
			productName = SnakesAndLaddersEvo;
			productReference = C418700B1E9C3FA200890843 /* SnakesAndLaddersEvo.app */;
			productType = "com.apple.product-type.application";
		};
		C41870221E9C3FA300890843 /* SnakesAndLaddersEvoTests */ = {
			isa = PBXNativeTarget;
			buildConfigurationList = C418703A1E9C3FA300890843 /* Build configuration list for PBXNativeTarget "SnakesAndLaddersEvoTests" */;
			buildPhases = (
				C418701F1E9C3FA300890843 /* Sources */,
				C41870201E9C3FA300890843 /* Frameworks */,
				C41870211E9C3FA300890843 /* Resources */,
			);
			buildRules = (
			);
			dependencies = (
				C41870251E9C3FA300890843 /* PBXTargetDependency */,
			);
			name = SnakesAndLaddersEvoTests;
			productName = SnakesAndLaddersEvoTests;
			productReference = C41870231E9C3FA300890843 /* SnakesAndLaddersEvoTests.xctest */;
			productType = "com.apple.product-type.bundle.unit-test";
		};
		C418702D1E9C3FA300890843 /* SnakesAndLaddersEvoUITests */ = {
			isa = PBXNativeTarget;
			buildConfigurationList = C418703D1E9C3FA300890843 /* Build configuration list for PBXNativeTarget "SnakesAndLaddersEvoUITests" */;
			buildPhases = (
				C418702A1E9C3FA300890843 /* Sources */,
				C418702B1E9C3FA300890843 /* Frameworks */,
				C418702C1E9C3FA300890843 /* Resources */,
			);
			buildRules = (
			);
			dependencies = (
				C41870301E9C3FA300890843 /* PBXTargetDependency */,
			);
			name = SnakesAndLaddersEvoUITests;
			productName = SnakesAndLaddersEvoUITests;
			productReference = C418702E1E9C3FA300890843 /* SnakesAndLaddersEvoUITests.xctest */;
			productType = "com.apple.product-type.bundle.ui-testing";
		};
/* End PBXNativeTarget section */

/* Begin PBXProject section */
		C41870031E9C3FA200890843 /* Project object */ = {
			isa = PBXProject;
			attributes = {
				LastSwiftUpdateCheck = 0730;
				LastUpgradeCheck = 0730;
				ORGANIZATIONNAME = ab14abw;
				TargetAttributes = {
					C418700A1E9C3FA200890843 = {
						CreatedOnToolsVersion = 7.3.1;
					};
					C41870221E9C3FA300890843 = {
						CreatedOnToolsVersion = 7.3.1;
						TestTargetID = C418700A1E9C3FA200890843;
					};
					C418702D1E9C3FA300890843 = {
						CreatedOnToolsVersion = 7.3.1;
						TestTargetID = C418700A1E9C3FA200890843;
					};
				};
			};
			buildConfigurationList = C41870061E9C3FA200890843 /* Build configuration list for PBXProject "SnakesAndLaddersEvo" */;
			compatibilityVersion = "Xcode 3.2";
			developmentRegion = English;
			hasScannedForEncodings = 0;
			knownRegions = (
				en,
				Base,
			);
			mainGroup = C41870021E9C3FA200890843;
			productRefGroup = C418700C1E9C3FA200890843 /* Products */;
			projectDirPath = "";
			projectRoot = "";
			targets = (
				C418700A1E9C3FA200890843 /* SnakesAndLaddersEvo */,
				C41870221E9C3FA300890843 /* SnakesAndLaddersEvoTests */,
				C418702D1E9C3FA300890843 /* SnakesAndLaddersEvoUITests */,
			);
		};
/* End PBXProject section */

/* Begin PBXResourcesBuildPhase section */
		C41870091E9C3FA200890843 /* Resources */ = {
			isa = PBXResourcesBuildPhase;
			buildActionMask = 2147483647;
			files = (
				C41514891E9E9DE000282CDA /* board.png in Resources */,
				C41870111E9C3FA200890843 /* GameScene.sks in Resources */,
				C415147F1E9E8B6400282CDA /* lilac.png in Resources */,
				C415147C1E9E8B6400282CDA /* playerblue.png in Resources */,
				C418701D1E9C3FA200890843 /* LaunchScreen.storyboard in Resources */,
				C418701A1E9C3FA200890843 /* Assets.xcassets in Resources */,
				C41514811E9E8B6400282CDA /* playerred.png in Resources */,
				C41514871E9E9DBD00282CDA /* snakes_and_ladders_boardv1.png in Resources */,
				C41DCC741E9EF6EB005CB0B7 /* dice.mp3 in Resources */,
				C415147B1E9E8B6400282CDA /* WoodLadder.png in Resources */,
				C41514781E9E8B6400282CDA /* PurpleLadder.png in Resources */,
				C41514771E9E8B6400282CDA /* Dice_1-6.svg.png in Resources */,
				C415147E1E9E8B6400282CDA /* jungle1.jpg in Resources */,
				C41514791E9E8B6400282CDA /* RedLadder.png in Resources */,
				C41DCC781E9EFAAE005CB0B7 /* snake.mp3 in Resources */,
				C41DCC731E9EF6EB005CB0B7 /* ladder.mp3 in Resources */,
				C415147A1E9E8B6400282CDA /* Snake.png in Resources */,
				C41870181E9C3FA200890843 /* Main.storyboard in Resources */,
				C41DCC761E9EF6EB005CB0B7 /* forest.mp3 in Resources */,
			);
			runOnlyForDeploymentPostprocessing = 0;
		};
		C41870211E9C3FA300890843 /* Resources */ = {
			isa = PBXResourcesBuildPhase;
			buildActionMask = 2147483647;
			files = (
			);
			runOnlyForDeploymentPostprocessing = 0;
		};
		C418702C1E9C3FA300890843 /* Resources */ = {
			isa = PBXResourcesBuildPhase;
			buildActionMask = 2147483647;
			files = (
			);
			runOnlyForDeploymentPostprocessing = 0;
		};
/* End PBXResourcesBuildPhase section */

/* Begin PBXSourcesBuildPhase section */
		C41870071E9C3FA200890843 /* Sources */ = {
			isa = PBXSourcesBuildPhase;
			buildActionMask = 2147483647;
			files = (
				C41870131E9C3FA200890843 /* GameScene.swift in Sources */,
				C41870151E9C3FA200890843 /* GameViewController.swift in Sources */,
				C418700F1E9C3FA200890843 /* AppDelegate.swift in Sources */,
			);
			runOnlyForDeploymentPostprocessing = 0;
		};
		C418701F1E9C3FA300890843 /* Sources */ = {
			isa = PBXSourcesBuildPhase;
			buildActionMask = 2147483647;
			files = (
				C41870281E9C3FA300890843 /* SnakesAndLaddersEvoTests.swift in Sources */,
			);
			runOnlyForDeploymentPostprocessing = 0;
		};
		C418702A1E9C3FA300890843 /* Sources */ = {
			isa = PBXSourcesBuildPhase;
			buildActionMask = 2147483647;
			files = (
				C41870331E9C3FA300890843 /* SnakesAndLaddersEvoUITests.swift in Sources */,
			);
			runOnlyForDeploymentPostprocessing = 0;
		};
/* End PBXSourcesBuildPhase section */

/* Begin PBXTargetDependency section */
		C41870251E9C3FA300890843 /* PBXTargetDependency */ = {
			isa = PBXTargetDependency;
			target = C418700A1E9C3FA200890843 /* SnakesAndLaddersEvo */;
			targetProxy = C41870241E9C3FA300890843 /* PBXContainerItemProxy */;
		};
		C41870301E9C3FA300890843 /* PBXTargetDependency */ = {
			isa = PBXTargetDependency;
			target = C418700A1E9C3FA200890843 /* SnakesAndLaddersEvo */;
			targetProxy = C418702F1E9C3FA300890843 /* PBXContainerItemProxy */;
		};
/* End PBXTargetDependency section */

/* Begin PBXVariantGroup section */
		C41870161E9C3FA200890843 /* Main.storyboard */ = {
			isa = PBXVariantGroup;
			children = (
				C41870171E9C3FA200890843 /* Base */,
			);
			name = Main.storyboard;
			sourceTree = "<group>";
		};
		C418701B1E9C3FA200890843 /* LaunchScreen.storyboard */ = {
			isa = PBXVariantGroup;
			children = (
				C418701C1E9C3FA200890843 /* Base */,
			);
			name = LaunchScreen.storyboard;
			sourceTree = "<group>";
		};
/* End PBXVariantGroup section */

/* Begin XCBuildConfiguration section */
		C41870351E9C3FA300890843 /* Debug */ = {
			isa = XCBuildConfiguration;
			buildSettings = {
				ALWAYS_SEARCH_USER_PATHS = NO;
				CLANG_ANALYZER_NONNULL = YES;
				CLANG_CXX_LANGUAGE_STANDARD = "gnu++0x";
				CLANG_CXX_LIBRARY = "libc++";
				CLANG_ENABLE_MODULES = YES;
				CLANG_ENABLE_OBJC_ARC = YES;
				CLANG_WARN_BOOL_CONVERSION = YES;
				CLANG_WARN_CONSTANT_CONVERSION = YES;
				CLANG_WARN_DIRECT_OBJC_ISA_USAGE = YES_ERROR;
				CLANG_WARN_EMPTY_BODY = YES;
				CLANG_WARN_ENUM_CONVERSION = YES;
				CLANG_WARN_INT_CONVERSION = YES;
				CLANG_WARN_OBJC_ROOT_CLASS = YES_ERROR;
				CLANG_WARN_UNREACHABLE_CODE = YES;
				CLANG_WARN__DUPLICATE_METHOD_MATCH = YES;
				"CODE_SIGN_IDENTITY[sdk=iphoneos*]" = "iPhone Developer";
				COPY_PHASE_STRIP = NO;
				DEBUG_INFORMATION_FORMAT = "dwarf-with-dsym";
				ENABLE_STRICT_OBJC_MSGSEND = YES;
				ENABLE_TESTABILITY = YES;
				GCC_C_LANGUAGE_STANDARD = gnu99;
				GCC_DYNAMIC_NO_PIC = NO;
				GCC_NO_COMMON_BLOCKS = YES;
				GCC_OPTIMIZATION_LEVEL = 0;
				GCC_PREPROCESSOR_DEFINITIONS = (
					"DEBUG=1",
					"$(inherited)",
				);
				GCC_WARN_64_TO_32_BIT_CONVERSION = YES;
				GCC_WARN_ABOUT_RETURN_TYPE = YES_ERROR;
				GCC_WARN_UNDECLARED_SELECTOR = YES;
				GCC_WARN_UNINITIALIZED_AUTOS = YES_AGGRESSIVE;
				GCC_WARN_UNUSED_FUNCTION = YES;
				GCC_WARN_UNUSED_VARIABLE = YES;
				IPHONEOS_DEPLOYMENT_TARGET = 9.3;
				MTL_ENABLE_DEBUG_INFO = YES;
				ONLY_ACTIVE_ARCH = YES;
				SDKROOT = iphoneos;
				SWIFT_OPTIMIZATION_LEVEL = "-Onone";
				TARGETED_DEVICE_FAMILY = "1,2";
			};
			name = Debug;
		};
		C41870361E9C3FA300890843 /* Release */ = {
			isa = XCBuildConfiguration;
			buildSettings = {
				ALWAYS_SEARCH_USER_PATHS = NO;
				CLANG_ANALYZER_NONNULL = YES;
				CLANG_CXX_LANGUAGE_STANDARD = "gnu++0x";
				CLANG_CXX_LIBRARY = "libc++";
				CLANG_ENABLE_MODULES = YES;
				CLANG_ENABLE_OBJC_ARC = YES;
				CLANG_WARN_BOOL_CONVERSION = YES;
				CLANG_WARN_CONSTANT_CONVERSION = YES;
				CLANG_WARN_DIRECT_OBJC_ISA_USAGE = YES_ERROR;
				CLANG_WARN_EMPTY_BODY = YES;
				CLANG_WARN_ENUM_CONVERSION = YES;
				CLANG_WARN_INT_CONVERSION = YES;
				CLANG_WARN_OBJC_ROOT_CLASS = YES_ERROR;
				CLANG_WARN_UNREACHABLE_CODE = YES;
				CLANG_WARN__DUPLICATE_METHOD_MATCH = YES;
				"CODE_SIGN_IDENTITY[sdk=iphoneos*]" = "iPhone Developer";
				COPY_PHASE_STRIP = NO;
				DEBUG_INFORMATION_FORMAT = "dwarf-with-dsym";
				ENABLE_NS_ASSERTIONS = NO;
				ENABLE_STRICT_OBJC_MSGSEND = YES;
				GCC_C_LANGUAGE_STANDARD = gnu99;
				GCC_NO_COMMON_BLOCKS = YES;
				GCC_WARN_64_TO_32_BIT_CONVERSION = YES;
				GCC_WARN_ABOUT_RETURN_TYPE = YES_ERROR;
				GCC_WARN_UNDECLARED_SELECTOR = YES;
				GCC_WARN_UNINITIALIZED_AUTOS = YES_AGGRESSIVE;
				GCC_WARN_UNUSED_FUNCTION = YES;
				GCC_WARN_UNUSED_VARIABLE = YES;
				IPHONEOS_DEPLOYMENT_TARGET = 9.3;
				MTL_ENABLE_DEBUG_INFO = NO;
				SDKROOT = iphoneos;
				TARGETED_DEVICE_FAMILY = "1,2";
				VALIDATE_PRODUCT = YES;
			};
			name = Release;
		};
		C41870381E9C3FA300890843 /* Debug */ = {
			isa = XCBuildConfiguration;
			buildSettings = {
				ASSETCATALOG_COMPILER_APPICON_NAME = AppIcon;
				INFOPLIST_FILE = SnakesAndLaddersEvo/Info.plist;
				LD_RUNPATH_SEARCH_PATHS = "$(inherited) @executable_path/Frameworks";
				PRODUCT_BUNDLE_IDENTIFIER = "AshB-LTD.SnakesAndLaddersEvo";
				PRODUCT_NAME = "$(TARGET_NAME)";
			};
			name = Debug;
		};
		C41870391E9C3FA300890843 /* Release */ = {
			isa = XCBuildConfiguration;
			buildSettings = {
				ASSETCATALOG_COMPILER_APPICON_NAME = AppIcon;
				INFOPLIST_FILE = SnakesAndLaddersEvo/Info.plist;
				LD_RUNPATH_SEARCH_PATHS = "$(inherited) @executable_path/Frameworks";
				PRODUCT_BUNDLE_IDENTIFIER = "AshB-LTD.SnakesAndLaddersEvo";
				PRODUCT_NAME = "$(TARGET_NAME)";
			};
			name = Release;
		};
		C418703B1E9C3FA300890843 /* Debug */ = {
			isa = XCBuildConfiguration;
			buildSettings = {
				BUNDLE_LOADER = "$(TEST_HOST)";
				DEBUG_INFORMATION_FORMAT = dwarf;
				INFOPLIST_FILE = SnakesAndLaddersEvoTests/Info.plist;
				LD_RUNPATH_SEARCH_PATHS = "$(inherited) @executable_path/Frameworks @loader_path/Frameworks";
				PRODUCT_BUNDLE_IDENTIFIER = "AshB-LTD.SnakesAndLaddersEvoTests";
				PRODUCT_NAME = "$(TARGET_NAME)";
				TEST_HOST = "$(BUILT_PRODUCTS_DIR)/SnakesAndLaddersEvo.app/SnakesAndLaddersEvo";
			};
			name = Debug;
		};
		C418703C1E9C3FA300890843 /* Release */ = {
			isa = XCBuildConfiguration;
			buildSettings = {
				BUNDLE_LOADER = "$(TEST_HOST)";
				INFOPLIST_FILE = SnakesAndLaddersEvoTests/Info.plist;
				LD_RUNPATH_SEARCH_PATHS = "$(inherited) @executable_path/Frameworks @loader_path/Frameworks";
				PRODUCT_BUNDLE_IDENTIFIER = "AshB-LTD.SnakesAndLaddersEvoTests";
				PRODUCT_NAME = "$(TARGET_NAME)";
				TEST_HOST = "$(BUILT_PRODUCTS_DIR)/SnakesAndLaddersEvo.app/SnakesAndLaddersEvo";
			};
			name = Release;
		};
		C418703E1E9C3FA300890843 /* Debug */ = {
			isa = XCBuildConfiguration;
			buildSettings = {
				DEBUG_INFORMATION_FORMAT = dwarf;
				INFOPLIST_FILE = SnakesAndLaddersEvoUITests/Info.plist;
				LD_RUNPATH_SEARCH_PATHS = "$(inherited) @executable_path/Frameworks @loader_path/Frameworks";
				PRODUCT_BUNDLE_IDENTIFIER = "AshB-LTD.SnakesAndLaddersEvoUITests";
				PRODUCT_NAME = "$(TARGET_NAME)";
				TEST_TARGET_NAME = SnakesAndLaddersEvo;
			};
			name = Debug;
		};
		C418703F1E9C3FA300890843 /* Release */ = {
			isa = XCBuildConfiguration;
			buildSettings = {
				INFOPLIST_FILE = SnakesAndLaddersEvoUITests/Info.plist;
				LD_RUNPATH_SEARCH_PATHS = "$(inherited) @executable_path/Frameworks @loader_path/Frameworks";
				PRODUCT_BUNDLE_IDENTIFIER = "AshB-LTD.SnakesAndLaddersEvoUITests";
				PRODUCT_NAME = "$(TARGET_NAME)";
				TEST_TARGET_NAME = SnakesAndLaddersEvo;
			};
			name = Release;
		};
/* End XCBuildConfiguration section */

/* Begin XCConfigurationList section */
		C41870061E9C3FA200890843 /* Build configuration list for PBXProject "SnakesAndLaddersEvo" */ = {
			isa = XCConfigurationList;
			buildConfigurations = (
				C41870351E9C3FA300890843 /* Debug */,
				C41870361E9C3FA300890843 /* Release */,
			);
			defaultConfigurationIsVisible = 0;
			defaultConfigurationName = Release;
		};
		C41870371E9C3FA300890843 /* Build configuration list for PBXNativeTarget "SnakesAndLaddersEvo" */ = {
			isa = XCConfigurationList;
			buildConfigurations = (
				C41870381E9C3FA300890843 /* Debug */,
				C41870391E9C3FA300890843 /* Release */,
			);
			defaultConfigurationIsVisible = 0;
			defaultConfigurationName = Release;
		};
		C418703A1E9C3FA300890843 /* Build configuration list for PBXNativeTarget "SnakesAndLaddersEvoTests" */ = {
			isa = XCConfigurationList;
			buildConfigurations = (
				C418703B1E9C3FA300890843 /* Debug */,
				C418703C1E9C3FA300890843 /* Release */,
			);
			defaultConfigurationIsVisible = 0;
			defaultConfigurationName = Release;
		};
		C418703D1E9C3FA300890843 /* Build configuration list for PBXNativeTarget "SnakesAndLaddersEvoUITests" */ = {
			isa = XCConfigurationList;
			buildConfigurations = (
				C418703E1E9C3FA300890843 /* Debug */,
				C418703F1E9C3FA300890843 /* Release */,
			);
			defaultConfigurationIsVisible = 0;
			defaultConfigurationName = Release;
		};
/* End XCConfigurationList section */
	};
	rootObject = C41870031E9C3FA200890843 /* Project object */;
}
